
Microsoft Visual Studio Solution File, Format Version 12.00
# Visual Studio 15
VisualStudioVersion = 15.0.28307.1401
MinimumVisualStudioVersion = 10.0.40219.1
Project("{FAE04EC0-301F-11D3-BF4B-00C04F79EFBC}") = "PRMLB.Tools.JimUnknownFixer", "PRMLB.Tools.JimUnknownFixer\PRMLB.Tools.JimUnknownFixer.csproj", "{AA939C0F-120C-4015-B8CB-831FB0E2A031}"
EndProject
Project("{FAE04EC0-301F-11D3-BF4B-00C04F79EFBC}") = "PRMLB.Tools.TradeCentral", "PRMLB.Tools.TradeCentral\PRMLB.Tools.TradeCentral.csproj", "{22EEC584-B20A-4760-BA51-07101F71F53F}"
EndProject
Project("{FAE04EC0-301F-11D3-BF4B-00C04F79EFBC}") = "PRMLB.Tools.DataService", "PRMLB.Tools.DataService\PRMLB.Tools.DataService.csproj", "{69D6FC87-6226-4681-8F86-0AE8FD5F8315}"
EndProject
Project("{FAE04EC0-301F-11D3-BF4B-00C04F79EFBC}") = "PRMLB.Tools.Data", "PRMLB.Tools.Data\PRMLB.Tools.Data.csproj", "{9A7F4432-23AD-4371-9D52-D783E2BEB79C}"
EndProject
Project("{FAE04EC0-301F-11D3-BF4B-00C04F79EFBC}") = "PRMLB.Tools.ViewModel", "PRMLB.Tools.ViewModel\PRMLB.Tools.ViewModel.csproj", "{64293A70-1A1B-4780-AEAD-76B08E219C8A}"
EndProject
Global
	GlobalSection(SolutionConfigurationPlatforms) = preSolution
		Debug|Any CPU = Debug|Any CPU
		Release|Any CPU = Release|Any CPU
	EndGlobalSection
	GlobalSection(ProjectConfigurationPlatforms) = postSolution
		{AA939C0F-120C-4015-B8CB-831FB0E2A031}.Debug|Any CPU.ActiveCfg = Debug|Any CPU
		{AA939C0F-120C-4015-B8CB-831FB0E2A031}.Debug|Any CPU.Build.0 = Debug|Any CPU
		{AA939C0F-120C-4015-B8CB-831FB0E2A031}.Release|Any CPU.ActiveCfg = Release|Any CPU
		{AA939C0F-120C-4015-B8CB-831FB0E2A031}.Release|Any CPU.Build.0 = Release|Any CPU
		{22EEC584-B20A-4760-BA51-07101F71F53F}.Debug|Any CPU.ActiveCfg = Debug|Any CPU
		{22EEC584-B20A-4760-BA51-07101F71F53F}.Debug|Any CPU.Build.0 = Debug|Any CPU
		{22EEC584-B20A-4760-BA51-07101F71F53F}.Release|Any CPU.ActiveCfg = Release|Any CPU
		{22EEC584-B20A-4760-BA51-07101F71F53F}.Release|Any CPU.Build.0 = Release|Any CPU
		{69D6FC87-6226-4681-8F86-0AE8FD5F8315}.Debug|Any CPU.ActiveCfg = Debug|Any CPU
		{69D6FC87-6226-4681-8F86-0AE8FD5F8315}.Debug|Any CPU.Build.0 = Debug|Any CPU
		{69D6FC87-6226-4681-8F86-0AE8FD5F8315}.Release|Any CPU.ActiveCfg = Release|Any CPU
		{69D6FC87-6226-4681-8F86-0AE8FD5F8315}.Release|Any CPU.Build.0 = Release|Any CPU
		{9A7F4432-23AD-4371-9D52-D783E2BEB79C}.Debug|Any CPU.ActiveCfg = Debug|Any CPU
		{9A7F4432-23AD-4371-9D52-D783E2BEB79C}.Debug|Any CPU.Build.0 = Debug|Any CPU
		{9A7F4432-23AD-4371-9D52-D783E2BEB79C}.Release|Any CPU.ActiveCfg = Release|Any CPU
		{9A7F4432-23AD-4371-9D52-D783E2BEB79C}.Release|Any CPU.Build.0 = Release|Any CPU
		{64293A70-1A1B-4780-AEAD-76B08E219C8A}.Debug|Any CPU.ActiveCfg = Debug|Any CPU
		{64293A70-1A1B-4780-AEAD-76B08E219C8A}.Debug|Any CPU.Build.0 = Debug|Any CPU
		{64293A70-1A1B-4780-AEAD-76B08E219C8A}.Release|Any CPU.ActiveCfg = Release|Any CPU
		{64293A70-1A1B-4780-AEAD-76B08E219C8A}.Release|Any CPU.Build.0 = Release|Any CPU
	EndGlobalSection
	GlobalSection(SolutionProperties) = preSolution
		HideSolutionNode = FALSE
	EndGlobalSection
	GlobalSection(ExtensibilityGlobals) = postSolution
		SolutionGuid = {2EFF544B-EBE7-43E8-8CFE-701D2D5E13D7}
	EndGlobalSection
EndGlobal
